{
  "name": "restomenum-sample-plugin",
  "version": "1.1.0",
  "lockfileVersion": 3,
  "requires": true,
  "packages": {
    "": {
      "name": "restomenum-sample-plugin",
      "version": "1.1.0",
      "dependencies": {
        "@restomenum/plugin-sdk": "^1.0.0"
      },
      "engines": {
        "node": ">=20"
      }
    },
    "node_modules/@restomenum/plugin-sdk": {
      "version": "1.0.0",
      "resolved": "https://registry.npmjs.org/@restomenum/plugin-sdk/-/plugin-sdk-1.0.0.tgz",
      "integrity": "sha512-ZGE+8gtqLGhV377K0Siw5FotvC6h36VWiF59QOj9vNGS5jr1NyOOzMnMPEyuX9qDmL2EB+Qe/gJxsZVzlAcLXA==",
      "license": "MIT",
      "engines": {
        "node": ">=20"
      }
    }
  }
}
